// !$*UTF8*$!
{
	archiveVersion = 1;
	classes = {
	};
	objectVersion = 46;
	objects = {

/* Begin PBXBuildFile section */
		43C58B3526C9F2584795D240 /* Pods_TMDB_Tests.framework in Frameworks */ = {isa = PBXBuildFile; fileRef = DF6A11702632FE842DFECB8F /* Pods_TMDB_Tests.framework */; };
		64B801821FA3B69D004A6EEE /* TMDBMoviesTest.swift in Sources */ = {isa = PBXBuildFile; fileRef = 64B8017A1FA3B69C004A6EEE /* TMDBMoviesTest.swift */; };
		64B801831FA3B69D004A6EEE /* TMDBMocks.swift in Sources */ = {isa = PBXBuildFile; fileRef = 64B8017B1FA3B69C004A6EEE /* TMDBMocks.swift */; };
		64B801841FA3B69D004A6EEE /* TMDBConfigurationTest.swift in Sources */ = {isa = PBXBuildFile; fileRef = 64B8017C1FA3B69D004A6EEE /* TMDBConfigurationTest.swift */; };
		64B8019C1FA3B8EB004A6EEE /* tmdb_configuration.json in Resources */ = {isa = PBXBuildFile; fileRef = 64B801751FA3B69C004A6EEE /* tmdb_configuration.json */; };
		64B8019D1FA3B8EB004A6EEE /* tmdb_episode_images.json in Resources */ = {isa = PBXBuildFile; fileRef = 64B801761FA3B69C004A6EEE /* tmdb_episode_images.json */; };
		64B8019E1FA3B8EB004A6EEE /* tmdb_movie_images.json in Resources */ = {isa = PBXBuildFile; fileRef = 64B801771FA3B69C004A6EEE /* tmdb_movie_images.json */; };
		64B8019F1FA3B8EB004A6EEE /* tmdb_movie_images_20526.json in Resources */ = {isa = PBXBuildFile; fileRef = 64B801781FA3B69C004A6EEE /* tmdb_movie_images_20526.json */; };
		64B801A01FA3B8EB004A6EEE /* tmdb_show_images.json in Resources */ = {isa = PBXBuildFile; fileRef = 64B801791FA3B69C004A6EEE /* tmdb_show_images.json */; };
/* End PBXBuildFile section */

/* Begin PBXContainerItemProxy section */
		64B801951FA3B6D1004A6EEE /* PBXContainerItemProxy */ = {
			isa = PBXContainerItemProxy;
			containerPortal = 607FACC81AFB9204008FA782 /* Project object */;
			proxyType = 1;
			remoteGlobalIDString = 64B801891FA3B6C3004A6EEE;
			remoteInfo = TMDBTestsResources;
		};
/* End PBXContainerItemProxy section */

/* Begin PBXFileReference section */
		1D8AC135E4CB58F8654FD88E /* Pods-TMDB_Tests.debug.xcconfig */ = {isa = PBXFileReference; includeInIndex = 1; lastKnownFileType = text.xcconfig; name = "Pods-TMDB_Tests.debug.xcconfig"; path = "Pods/Target Support Files/Pods-TMDB_Tests/Pods-TMDB_Tests.debug.xcconfig"; sourceTree = "<group>"; };
		607FACE51AFB9204008FA782 /* TMDB_Tests.xctest */ = {isa = PBXFileReference; explicitFileType = wrapper.cfbundle; includeInIndex = 0; path = TMDB_Tests.xctest; sourceTree = BUILT_PRODUCTS_DIR; };
		607FACEA1AFB9204008FA782 /* Info.plist */ = {isa = PBXFileReference; lastKnownFileType = text.plist.xml; path = Info.plist; sourceTree = "<group>"; };
		64B801751FA3B69C004A6EEE /* tmdb_configuration.json */ = {isa = PBXFileReference; fileEncoding = 4; lastKnownFileType = text.json; path = tmdb_configuration.json; sourceTree = "<group>"; };
		64B801761FA3B69C004A6EEE /* tmdb_episode_images.json */ = {isa = PBXFileReference; fileEncoding = 4; lastKnownFileType = text.json; path = tmdb_episode_images.json; sourceTree = "<group>"; };
		64B801771FA3B69C004A6EEE /* tmdb_movie_images.json */ = {isa = PBXFileReference; fileEncoding = 4; lastKnownFileType = text.json; path = tmdb_movie_images.json; sourceTree = "<group>"; };
		64B801781FA3B69C004A6EEE /* tmdb_movie_images_20526.json */ = {isa = PBXFileReference; fileEncoding = 4; lastKnownFileType = text.json; path = tmdb_movie_images_20526.json; sourceTree = "<group>"; };
		64B801791FA3B69C004A6EEE /* tmdb_show_images.json */ = {isa = PBXFileReference; fileEncoding = 4; lastKnownFileType = text.json; path = tmdb_show_images.json; sourceTree = "<group>"; };
		64B8017A1FA3B69C004A6EEE /* TMDBMoviesTest.swift */ = {isa = PBXFileReference; fileEncoding = 4; lastKnownFileType = sourcecode.swift; path = TMDBMoviesTest.swift; sourceTree = "<group>"; };
		64B8017B1FA3B69C004A6EEE /* TMDBMocks.swift */ = {isa = PBXFileReference; fileEncoding = 4; lastKnownFileType = sourcecode.swift; path = TMDBMocks.swift; sourceTree = "<group>"; };
		64B8017C1FA3B69D004A6EEE /* TMDBConfigurationTest.swift */ = {isa = PBXFileReference; fileEncoding = 4; lastKnownFileType = sourcecode.swift; path = TMDBConfigurationTest.swift; sourceTree = "<group>"; };
		64B8018A1FA3B6C3004A6EEE /* TMDBTestsResources.bundle */ = {isa = PBXFileReference; explicitFileType = wrapper.cfbundle; includeInIndex = 0; path = TMDBTestsResources.bundle; sourceTree = BUILT_PRODUCTS_DIR; };
		64B8018C1FA3B6C3004A6EEE /* Info.plist */ = {isa = PBXFileReference; lastKnownFileType = text.plist.xml; path = Info.plist; sourceTree = "<group>"; };
		B8EEC6AE3EA9254A0B932AA0 /* Pods-TMDB_Tests.release.xcconfig */ = {isa = PBXFileReference; includeInIndex = 1; lastKnownFileType = text.xcconfig; name = "Pods-TMDB_Tests.release.xcconfig"; path = "Pods/Target Support Files/Pods-TMDB_Tests/Pods-TMDB_Tests.release.xcconfig"; sourceTree = "<group>"; };
		BEF943F41DD88279AF6138C8 /* TMDB.podspec */ = {isa = PBXFileReference; includeInIndex = 1; lastKnownFileType = text; name = TMDB.podspec; path = ../TMDB.podspec; sourceTree = "<group>"; };
		C910AA1F777C45DAD34C9616 /* README.md */ = {isa = PBXFileReference; includeInIndex = 1; lastKnownFileType = net.daringfireball.markdown; name = README.md; path = ../README.md; sourceTree = "<group>"; };
		DF6A11702632FE842DFECB8F /* Pods_TMDB_Tests.framework */ = {isa = PBXFileReference; explicitFileType = wrapper.framework; includeInIndex = 0; path = Pods_TMDB_Tests.framework; sourceTree = BUILT_PRODUCTS_DIR; };
/* End PBXFileReference section */

/* Begin PBXFrameworksBuildPhase section */
		607FACE21AFB9204008FA782 /* Frameworks */ = {
			isa = PBXFrameworksBuildPhase;
			buildActionMask = 2147483647;
			files = (
				43C58B3526C9F2584795D240 /* Pods_TMDB_Tests.framework in Frameworks */,
			);
			runOnlyForDeploymentPostprocessing = 0;
		};
		64B801871FA3B6C3004A6EEE /* Frameworks */ = {
			isa = PBXFrameworksBuildPhase;
			buildActionMask = 2147483647;
			files = (
			);
			runOnlyForDeploymentPostprocessing = 0;
		};
/* End PBXFrameworksBuildPhase section */

/* Begin PBXGroup section */
		4E4CD2B0E883CE0C0DBF7511 /* Frameworks */ = {
			isa = PBXGroup;
			children = (
				DF6A11702632FE842DFECB8F /* Pods_TMDB_Tests.framework */,
			);
			name = Frameworks;
			sourceTree = "<group>";
		};
		607FACC71AFB9204008FA782 = {
			isa = PBXGroup;
			children = (
				607FACF51AFB993E008FA782 /* Podspec Metadata */,
				607FACE81AFB9204008FA782 /* Tests */,
				64B8018B1FA3B6C3004A6EEE /* TMDBTestsResources */,
				607FACD11AFB9204008FA782 /* Products */,
				F469E25B26A8914B0BC066ED /* Pods */,
				4E4CD2B0E883CE0C0DBF7511 /* Frameworks */,
			);
			sourceTree = "<group>";
		};
		607FACD11AFB9204008FA782 /* Products */ = {
			isa = PBXGroup;
			children = (
				607FACE51AFB9204008FA782 /* TMDB_Tests.xctest */,
				64B8018A1FA3B6C3004A6EEE /* TMDBTestsResources.bundle */,
			);
			name = Products;
			sourceTree = "<group>";
		};
		607FACE81AFB9204008FA782 /* Tests */ = {
			isa = PBXGroup;
			children = (
				64B801741FA3B69C004A6EEE /* JSONs */,
				64B8017C1FA3B69D004A6EEE /* TMDBConfigurationTest.swift */,
				64B8017B1FA3B69C004A6EEE /* TMDBMocks.swift */,
				64B8017A1FA3B69C004A6EEE /* TMDBMoviesTest.swift */,
				607FACE91AFB9204008FA782 /* Supporting Files */,
			);
			path = Tests;
			sourceTree = "<group>";
		};
		607FACE91AFB9204008FA782 /* Supporting Files */ = {
			isa = PBXGroup;
			children = (
				607FACEA1AFB9204008FA782 /* Info.plist */,
			);
			name = "Supporting Files";
			sourceTree = "<group>";
		};
		607FACF51AFB993E008FA782 /* Podspec Metadata */ = {
			isa = PBXGroup;
			children = (
				BEF943F41DD88279AF6138C8 /* TMDB.podspec */,
				C910AA1F777C45DAD34C9616 /* README.md */,
			);
			name = "Podspec Metadata";
			sourceTree = "<group>";
		};
		64B801741FA3B69C004A6EEE /* JSONs */ = {
			isa = PBXGroup;
			children = (
				64B801751FA3B69C004A6EEE /* tmdb_configuration.json */,
				64B801761FA3B69C004A6EEE /* tmdb_episode_images.json */,
				64B801771FA3B69C004A6EEE /* tmdb_movie_images.json */,
				64B801781FA3B69C004A6EEE /* tmdb_movie_images_20526.json */,
				64B801791FA3B69C004A6EEE /* tmdb_show_images.json */,
			);
			path = JSONs;
			sourceTree = "<group>";
		};
		64B8018B1FA3B6C3004A6EEE /* TMDBTestsResources */ = {
			isa = PBXGroup;
			children = (
				64B8018C1FA3B6C3004A6EEE /* Info.plist */,
			);
			path = TMDBTestsResources;
			sourceTree = "<group>";
		};
		F469E25B26A8914B0BC066ED /* Pods */ = {
			isa = PBXGroup;
			children = (
				1D8AC135E4CB58F8654FD88E /* Pods-TMDB_Tests.debug.xcconfig */,
				B8EEC6AE3EA9254A0B932AA0 /* Pods-TMDB_Tests.release.xcconfig */,
			);
			name = Pods;
			sourceTree = "<group>";
		};
/* End PBXGroup section */

/* Begin PBXNativeTarget section */
		607FACE41AFB9204008FA782 /* TMDB_Tests */ = {
			isa = PBXNativeTarget;
			buildConfigurationList = 607FACF21AFB9204008FA782 /* Build configuration list for PBXNativeTarget "TMDB_Tests" */;
			buildPhases = (
				F3C169CC6AA8C99352E91C57 /* [CP] Check Pods Manifest.lock */,
				607FACE11AFB9204008FA782 /* Sources */,
				607FACE21AFB9204008FA782 /* Frameworks */,
				607FACE31AFB9204008FA782 /* Resources */,
				D8751DFCFD5A5F0B3EE5D9F7 /* [CP] Embed Pods Frameworks */,
			);
			buildRules = (
			);
			dependencies = (
				64B801961FA3B6D1004A6EEE /* PBXTargetDependency */,
			);
			name = TMDB_Tests;
			productName = Tests;
			productReference = 607FACE51AFB9204008FA782 /* TMDB_Tests.xctest */;
			productType = "com.apple.product-type.bundle.unit-test";
		};
		64B801891FA3B6C3004A6EEE /* TMDBTestsResources */ = {
			isa = PBXNativeTarget;
			buildConfigurationList = 64B8018D1FA3B6C3004A6EEE /* Build configuration list for PBXNativeTarget "TMDBTestsResources" */;
			buildPhases = (
				64B801861FA3B6C3004A6EEE /* Sources */,
				64B801871FA3B6C3004A6EEE /* Frameworks */,
				64B801881FA3B6C3004A6EEE /* Resources */,
			);
			buildRules = (
			);
			dependencies = (
			);
			name = TMDBTestsResources;
			productName = TMDBTestsResources;
			productReference = 64B8018A1FA3B6C3004A6EEE /* TMDBTestsResources.bundle */;
			productType = "com.apple.product-type.bundle";
		};
/* End PBXNativeTarget section */

/* Begin PBXProject section */
		607FACC81AFB9204008FA782 /* Project object */ = {
			isa = PBXProject;
			attributes = {
				LastSwiftUpdateCheck = 0830;
				LastUpgradeCheck = 0910;
				ORGANIZATIONNAME = CocoaPods;
				TargetAttributes = {
					607FACE41AFB9204008FA782 = {
						CreatedOnToolsVersion = 6.3.1;
						LastSwiftMigration = 0900;
						ProvisioningStyle = Automatic;
						TestTargetID = 607FACCF1AFB9204008FA782;
					};
					64B801891FA3B6C3004A6EEE = {
						CreatedOnToolsVersion = 9.0;
						ProvisioningStyle = Automatic;
					};
				};
			};
			buildConfigurationList = 607FACCB1AFB9204008FA782 /* Build configuration list for PBXProject "TMDB" */;
			compatibilityVersion = "Xcode 3.2";
			developmentRegion = English;
			hasScannedForEncodings = 0;
			knownRegions = (
				en,
				Base,
			);
			mainGroup = 607FACC71AFB9204008FA782;
			productRefGroup = 607FACD11AFB9204008FA782 /* Products */;
			projectDirPath = "";
			projectRoot = "";
			targets = (
				607FACE41AFB9204008FA782 /* TMDB_Tests */,
				64B801891FA3B6C3004A6EEE /* TMDBTestsResources */,
			);
		};
/* End PBXProject section */

/* Begin PBXResourcesBuildPhase section */
		607FACE31AFB9204008FA782 /* Resources */ = {
			isa = PBXResourcesBuildPhase;
			buildActionMask = 2147483647;
			files = (
			);
			runOnlyForDeploymentPostprocessing = 0;
		};
		64B801881FA3B6C3004A6EEE /* Resources */ = {
			isa = PBXResourcesBuildPhase;
			buildActionMask = 2147483647;
			files = (
				64B8019D1FA3B8EB004A6EEE /* tmdb_episode_images.json in Resources */,
				64B8019F1FA3B8EB004A6EEE /* tmdb_movie_images_20526.json in Resources */,
				64B8019C1FA3B8EB004A6EEE /* tmdb_configuration.json in Resources */,
				64B8019E1FA3B8EB004A6EEE /* tmdb_movie_images.json in Resources */,
				64B801A01FA3B8EB004A6EEE /* tmdb_show_images.json in Resources */,
			);
			runOnlyForDeploymentPostprocessing = 0;
		};
/* End PBXResourcesBuildPhase section */

/* Begin PBXShellScriptBuildPhase section */
		D8751DFCFD5A5F0B3EE5D9F7 /* [CP] Embed Pods Frameworks */ = {
			isa = PBXShellScriptBuildPhase;
			buildActionMask = 2147483647;
			files = (
			);
			inputPaths = (
				"${SRCROOT}/Pods/Target Support Files/Pods-TMDB_Tests/Pods-TMDB_Tests-frameworks.sh",
				"${BUILT_PRODUCTS_DIR}/Alamofire/Alamofire.framework",
				"${BUILT_PRODUCTS_DIR}/Moya/Moya.framework",
				"${BUILT_PRODUCTS_DIR}/Result/Result.framework",
				"${BUILT_PRODUCTS_DIR}/RxAtomic/RxAtomic.framework",
				"${BUILT_PRODUCTS_DIR}/RxSwift/RxSwift.framework",
				"${BUILT_PRODUCTS_DIR}/TMDB/TMDBSwift.framework",
			);
			name = "[CP] Embed Pods Frameworks";
			outputPaths = (
				"${TARGET_BUILD_DIR}/${FRAMEWORKS_FOLDER_PATH}/Alamofire.framework",
				"${TARGET_BUILD_DIR}/${FRAMEWORKS_FOLDER_PATH}/Moya.framework",
				"${TARGET_BUILD_DIR}/${FRAMEWORKS_FOLDER_PATH}/Result.framework",
				"${TARGET_BUILD_DIR}/${FRAMEWORKS_FOLDER_PATH}/RxAtomic.framework",
				"${TARGET_BUILD_DIR}/${FRAMEWORKS_FOLDER_PATH}/RxSwift.framework",
				"${TARGET_BUILD_DIR}/${FRAMEWORKS_FOLDER_PATH}/TMDBSwift.framework",
			);
			runOnlyForDeploymentPostprocessing = 0;
			shellPath = /bin/sh;
			shellScript = "\"${SRCROOT}/Pods/Target Support Files/Pods-TMDB_Tests/Pods-TMDB_Tests-frameworks.sh\"\n";
			showEnvVarsInLog = 0;
		};
		F3C169CC6AA8C99352E91C57 /* [CP] Check Pods Manifest.lock */ = {
			isa = PBXShellScriptBuildPhase;
			buildActionMask = 2147483647;
			files = (
			);
			inputPaths = (
				"${PODS_PODFILE_DIR_PATH}/Podfile.lock",
				"${PODS_ROOT}/Manifest.lock",
			);
			name = "[CP] Check Pods Manifest.lock";
			outputPaths = (
				"$(DERIVED_FILE_DIR)/Pods-TMDB_Tests-checkManifestLockResult.txt",
			);
			runOnlyForDeploymentPostprocessing = 0;
			shellPath = /bin/sh;
			shellScript = "diff \"${PODS_PODFILE_DIR_PATH}/Podfile.lock\" \"${PODS_ROOT}/Manifest.lock\" > /dev/null\nif [ $? != 0 ] ; then\n    # print error to STDERR\n    echo \"error: The sandbox is not in sync with the Podfile.lock. Run 'pod install' or update your CocoaPods installation.\" >&2\n    exit 1\nfi\n# This output is used by Xcode 'outputs' to avoid re-running this script phase.\necho \"SUCCESS\" > \"${SCRIPT_OUTPUT_FILE_0}\"\n";
			showEnvVarsInLog = 0;
		};
/* End PBXShellScriptBuildPhase section */

/* Begin PBXSourcesBuildPhase section */
		607FACE11AFB9204008FA782 /* Sources */ = {
			isa = PBXSourcesBuildPhase;
			buildActionMask = 2147483647;
			files = (
				64B801831FA3B69D004A6EEE /* TMDBMocks.swift in Sources */,
				64B801821FA3B69D004A6EEE /* TMDBMoviesTest.swift in Sources */,
				64B801841FA3B69D004A6EEE /* TMDBConfigurationTest.swift in Sources */,
			);
			runOnlyForDeploymentPostprocessing = 0;
		};
		64B801861FA3B6C3004A6EEE /* Sources */ = {
			isa = PBXSourcesBuildPhase;
			buildActionMask = 2147483647;
			files = (
			);
			runOnlyForDeploymentPostprocessing = 0;
		};
/* End PBXSourcesBuildPhase section */

/* Begin PBXTargetDependency section */
		64B801961FA3B6D1004A6EEE /* PBXTargetDependency */ = {
			isa = PBXTargetDependency;
			target = 64B801891FA3B6C3004A6EEE /* TMDBTestsResources */;
			targetProxy = 64B801951FA3B6D1004A6EEE /* PBXContainerItemProxy */;
		};
/* End PBXTargetDependency section */

/* Begin XCBuildConfiguration section */
		607FACED1AFB9204008FA782 /* Debug */ = {
			isa = XCBuildConfiguration;
			buildSettings = {
				ALWAYS_SEARCH_USER_PATHS = NO;
				CLANG_CXX_LANGUAGE_STANDARD = "gnu++0x";
				CLANG_CXX_LIBRARY = "libc++";
				CLANG_ENABLE_MODULES = YES;
				CLANG_ENABLE_OBJC_ARC = YES;
				CLANG_WARN_BLOCK_CAPTURE_AUTORELEASING = YES;
				CLANG_WARN_BOOL_CONVERSION = YES;
				CLANG_WARN_COMMA = YES;
				CLANG_WARN_CONSTANT_CONVERSION = YES;
				CLANG_WARN_DIRECT_OBJC_ISA_USAGE = YES_ERROR;
				CLANG_WARN_EMPTY_BODY = YES;
				CLANG_WARN_ENUM_CONVERSION = YES;
				CLANG_WARN_INFINITE_RECURSION = YES;
				CLANG_WARN_INT_CONVERSION = YES;
				CLANG_WARN_NON_LITERAL_NULL_CONVERSION = YES;
				CLANG_WARN_OBJC_LITERAL_CONVERSION = YES;
				CLANG_WARN_OBJC_ROOT_CLASS = YES_ERROR;
				CLANG_WARN_RANGE_LOOP_ANALYSIS = YES;
				CLANG_WARN_STRICT_PROTOTYPES = YES;
				CLANG_WARN_SUSPICIOUS_MOVE = YES;
				CLANG_WARN_UNREACHABLE_CODE = YES;
				CLANG_WARN__DUPLICATE_METHOD_MATCH = YES;
				"CODE_SIGN_IDENTITY[sdk=iphoneos*]" = "iPhone Developer";
				COPY_PHASE_STRIP = NO;
				DEBUG_INFORMATION_FORMAT = "dwarf-with-dsym";
				ENABLE_STRICT_OBJC_MSGSEND = YES;
				ENABLE_TESTABILITY = YES;
				GCC_C_LANGUAGE_STANDARD = gnu99;
				GCC_DYNAMIC_NO_PIC = NO;
				GCC_NO_COMMON_BLOCKS = YES;
				GCC_OPTIMIZATION_LEVEL = 0;
				GCC_PREPROCESSOR_DEFINITIONS = (
					"DEBUG=1",
					"$(inherited)",
				);
				GCC_SYMBOLS_PRIVATE_EXTERN = NO;
				GCC_WARN_64_TO_32_BIT_CONVERSION = YES;
				GCC_WARN_ABOUT_RETURN_TYPE = YES_ERROR;
				GCC_WARN_UNDECLARED_SELECTOR = YES;
				GCC_WARN_UNINITIALIZED_AUTOS = YES_AGGRESSIVE;
				GCC_WARN_UNUSED_FUNCTION = YES;
				GCC_WARN_UNUSED_VARIABLE = YES;
				IPHONEOS_DEPLOYMENT_TARGET = 9.3;
				MTL_ENABLE_DEBUG_INFO = YES;
				ONLY_ACTIVE_ARCH = YES;
				SDKROOT = iphoneos;
				SWIFT_OPTIMIZATION_LEVEL = "-Onone";
				SWIFT_VERSION = 4.0;
			};
			name = Debug;
		};
		607FACEE1AFB9204008FA782 /* Release */ = {
			isa = XCBuildConfiguration;
			buildSettings = {
				ALWAYS_SEARCH_USER_PATHS = NO;
				CLANG_CXX_LANGUAGE_STANDARD = "gnu++0x";
				CLANG_CXX_LIBRARY = "libc++";
				CLANG_ENABLE_MODULES = YES;
				CLANG_ENABLE_OBJC_ARC = YES;
				CLANG_WARN_BLOCK_CAPTURE_AUTORELEASING = YES;
				CLANG_WARN_BOOL_CONVERSION = YES;
				CLANG_WARN_COMMA = YES;
				CLANG_WARN_CONSTANT_CONVERSION = YES;
				CLANG_WARN_DIRECT_OBJC_ISA_USAGE = YES_ERROR;
				CLANG_WARN_EMPTY_BODY = YES;
				CLANG_WARN_ENUM_CONVERSION = YES;
				CLANG_WARN_INFINITE_RECURSION = YES;
				CLANG_WARN_INT_CONVERSION = YES;
				CLANG_WARN_NON_LITERAL_NULL_CONVERSION = YES;
				CLANG_WARN_OBJC_LITERAL_CONVERSION = YES;
				CLANG_WARN_OBJC_ROOT_CLASS = YES_ERROR;
				CLANG_WARN_RANGE_LOOP_ANALYSIS = YES;
				CLANG_WARN_STRICT_PROTOTYPES = YES;
				CLANG_WARN_SUSPICIOUS_MOVE = YES;
				CLANG_WARN_UNREACHABLE_CODE = YES;
				CLANG_WARN__DUPLICATE_METHOD_MATCH = YES;
				"CODE_SIGN_IDENTITY[sdk=iphoneos*]" = "iPhone Developer";
				COPY_PHASE_STRIP = NO;
				DEBUG_INFORMATION_FORMAT = "dwarf-with-dsym";
				ENABLE_NS_ASSERTIONS = NO;
				ENABLE_STRICT_OBJC_MSGSEND = YES;
				GCC_C_LANGUAGE_STANDARD = gnu99;
				GCC_NO_COMMON_BLOCKS = YES;
				GCC_WARN_64_TO_32_BIT_CONVERSION = YES;
				GCC_WARN_ABOUT_RETURN_TYPE = YES_ERROR;
				GCC_WARN_UNDECLARED_SELECTOR = YES;
				GCC_WARN_UNINITIALIZED_AUTOS = YES_AGGRESSIVE;
				GCC_WARN_UNUSED_FUNCTION = YES;
				GCC_WARN_UNUSED_VARIABLE = YES;
				IPHONEOS_DEPLOYMENT_TARGET = 9.3;
				MTL_ENABLE_DEBUG_INFO = NO;
				SDKROOT = iphoneos;
				SWIFT_OPTIMIZATION_LEVEL = "-Owholemodule";
				SWIFT_VERSION = 4.0;
				VALIDATE_PRODUCT = YES;
			};
			name = Release;
		};
		607FACF31AFB9204008FA782 /* Debug */ = {
			isa = XCBuildConfiguration;
			baseConfigurationReference = 1D8AC135E4CB58F8654FD88E /* Pods-TMDB_Tests.debug.xcconfig */;
			buildSettings = {
				CLANG_ENABLE_MODULES = YES;
				CODE_SIGN_IDENTITY = "";
				CODE_SIGN_STYLE = Automatic;
				DEVELOPMENT_TEAM = "";
				EXPANDED_CODE_SIGN_IDENTITY = "-";
				EXPANDED_CODE_SIGN_IDENTITY_NAME = "-";
				FRAMEWORK_SEARCH_PATHS = (
					"$(SDKROOT)/Developer/Library/Frameworks",
					"$(inherited)",
				);
				GCC_PREPROCESSOR_DEFINITIONS = (
					"DEBUG=1",
					"$(inherited)",
				);
				INFOPLIST_FILE = Tests/Info.plist;
				LD_RUNPATH_SEARCH_PATHS = "$(inherited) @executable_path/Frameworks @loader_path/Frameworks";
				PRODUCT_BUNDLE_IDENTIFIER = "org.cocoapods.$(PRODUCT_NAME:rfc1034identifier)";
				PRODUCT_NAME = "$(TARGET_NAME)";
				PROVISIONING_PROFILE_SPECIFIER = "";
				SDKROOT = macosx;
				SWIFT_OPTIMIZATION_LEVEL = "-Onone";
				SWIFT_SWIFT3_OBJC_INFERENCE = Default;
				SWIFT_VERSION = 4.0;
			};
			name = Debug;
		};
		607FACF41AFB9204008FA782 /* Release */ = {
			isa = XCBuildConfiguration;
			baseConfigurationReference = B8EEC6AE3EA9254A0B932AA0 /* Pods-TMDB_Tests.release.xcconfig */;
			buildSettings = {
				CLANG_ENABLE_MODULES = YES;
				CODE_SIGN_IDENTITY = "";
				CODE_SIGN_STYLE = Automatic;
				DEVELOPMENT_TEAM = "";
				EXPANDED_CODE_SIGN_IDENTITY = "-";
				EXPANDED_CODE_SIGN_IDENTITY_NAME = "-";
				FRAMEWORK_SEARCH_PATHS = (
					"$(SDKROOT)/Developer/Library/Frameworks",
					"$(inherited)",
				);
				INFOPLIST_FILE = Tests/Info.plist;
				LD_RUNPATH_SEARCH_PATHS = "$(inherited) @executable_path/Frameworks @loader_path/Frameworks";
				PRODUCT_BUNDLE_IDENTIFIER = "org.cocoapods.$(PRODUCT_NAME:rfc1034identifier)";
				PRODUCT_NAME = "$(TARGET_NAME)";
				PROVISIONING_PROFILE_SPECIFIER = "";
				SDKROOT = macosx;
				SWIFT_SWIFT3_OBJC_INFERENCE = Default;
				SWIFT_VERSION = 4.0;
			};
			name = Release;
		};
		64B8018E1FA3B6C3004A6EEE /* Debug */ = {
			isa = XCBuildConfiguration;
			buildSettings = {
				CLANG_ANALYZER_NONNULL = YES;
				CLANG_ANALYZER_NUMBER_OBJECT_CONVERSION = YES_AGGRESSIVE;
				CLANG_CXX_LANGUAGE_STANDARD = "gnu++14";
				CLANG_WARN_DOCUMENTATION_COMMENTS = YES;
				CLANG_WARN_UNGUARDED_AVAILABILITY = YES_AGGRESSIVE;
				CODE_SIGN_IDENTITY = "";
				CODE_SIGN_STYLE = Automatic;
				COMBINE_HIDPI_IMAGES = YES;
				DEBUG_INFORMATION_FORMAT = dwarf;
				DEVELOPMENT_TEAM = "";
				GCC_C_LANGUAGE_STANDARD = gnu11;
				INFOPLIST_FILE = TMDBTestsResources/Info.plist;
				INSTALL_PATH = "$(LOCAL_LIBRARY_DIR)/Bundles";
				MACOSX_DEPLOYMENT_TARGET = 10.12;
				PRODUCT_BUNDLE_IDENTIFIER = io.github.pietrocaselani.TMDBTestsResources;
				PRODUCT_NAME = "$(TARGET_NAME)";
				SDKROOT = macosx;
				SKIP_INSTALL = YES;
				WRAPPER_EXTENSION = bundle;
			};
			name = Debug;
		};
		64B8018F1FA3B6C3004A6EEE /* Release */ = {
			isa = XCBuildConfiguration;
			buildSettings = {
				CLANG_ANALYZER_NONNULL = YES;
				CLANG_ANALYZER_NUMBER_OBJECT_CONVERSION = YES_AGGRESSIVE;
				CLANG_CXX_LANGUAGE_STANDARD = "gnu++14";
				CLANG_WARN_DOCUMENTATION_COMMENTS = YES;
				CLANG_WARN_UNGUARDED_AVAILABILITY = YES_AGGRESSIVE;
				CODE_SIGN_IDENTITY = "";
				CODE_SIGN_STYLE = Automatic;
				COMBINE_HIDPI_IMAGES = YES;
				DEVELOPMENT_TEAM = "";
				GCC_C_LANGUAGE_STANDARD = gnu11;
				INFOPLIST_FILE = TMDBTestsResources/Info.plist;
				INSTALL_PATH = "$(LOCAL_LIBRARY_DIR)/Bundles";
				MACOSX_DEPLOYMENT_TARGET = 10.12;
				PRODUCT_BUNDLE_IDENTIFIER = io.github.pietrocaselani.TMDBTestsResources;
				PRODUCT_NAME = "$(TARGET_NAME)";
				SDKROOT = macosx;
				SKIP_INSTALL = YES;
				WRAPPER_EXTENSION = bundle;
			};
			name = Release;
		};
/* End XCBuildConfiguration section */

/* Begin XCConfigurationList section */
		607FACCB1AFB9204008FA782 /* Build configuration list for PBXProject "TMDB" */ = {
			isa = XCConfigurationList;
			buildConfigurations = (
				607FACED1AFB9204008FA782 /* Debug */,
				607FACEE1AFB9204008FA782 /* Release */,
			);
			defaultConfigurationIsVisible = 0;
			defaultConfigurationName = Release;
		};
		607FACF21AFB9204008FA782 /* Build configuration list for PBXNativeTarget "TMDB_Tests" */ = {
			isa = XCConfigurationList;
			buildConfigurations = (
				607FACF31AFB9204008FA782 /* Debug */,
				607FACF41AFB9204008FA782 /* Release */,
			);
			defaultConfigurationIsVisible = 0;
			defaultConfigurationName = Release;
		};
		64B8018D1FA3B6C3004A6EEE /* Build configuration list for PBXNativeTarget "TMDBTestsResources" */ = {
			isa = XCConfigurationList;
			buildConfigurations = (
				64B8018E1FA3B6C3004A6EEE /* Debug */,
				64B8018F1FA3B6C3004A6EEE /* Release */,
			);
			defaultConfigurationIsVisible = 0;
			defaultConfigurationName = Release;
		};
/* End XCConfigurationList section */
	};
	rootObject = 607FACC81AFB9204008FA782 /* Project object */;
}
